// !$*UTF8*$!
{
	archiveVersion = 1;
	classes = {
	};
	objectVersion = 50;
	objects = {

/* Begin PBXBuildFile section */
		07CDFCE921FBF16600DD9917 /* AppDelegate.swift in Sources */ = {isa = PBXBuildFile; fileRef = 07CDFCE821FBF16600DD9917 /* AppDelegate.swift */; };
		07CDFCEB21FBF16600DD9917 /* ViewController.swift in Sources */ = {isa = PBXBuildFile; fileRef = 07CDFCEA21FBF16600DD9917 /* ViewController.swift */; };
		07CDFCEE21FBF16600DD9917 /* Main.storyboard in Resources */ = {isa = PBXBuildFile; fileRef = 07CDFCEC21FBF16600DD9917 /* Main.storyboard */; };
		07CDFCF021FBF16700DD9917 /* Assets.xcassets in Resources */ = {isa = PBXBuildFile; fileRef = 07CDFCEF21FBF16700DD9917 /* Assets.xcassets */; };
		07CDFCF321FBF16700DD9917 /* LaunchScreen.storyboard in Resources */ = {isa = PBXBuildFile; fileRef = 07CDFCF121FBF16700DD9917 /* LaunchScreen.storyboard */; };
		07CDFCFB21FBF2E400DD9917 /* GoogleService-Info.plist in Resources */ = {isa = PBXBuildFile; fileRef = 07CDFCFA21FBF2E400DD9917 /* GoogleService-Info.plist */; };
		1C6BE1877FABDB99D17E57E3 /* Pods_FirebaseFileStorageDemo.framework in Frameworks */ = {isa = PBXBuildFile; fileRef = 12F44EB31F2A85CD9672ACF7 /* Pods_FirebaseFileStorageDemo.framework */; };
/* End PBXBuildFile section */

/* Begin PBXFileReference section */
		07CDFCE521FBF16600DD9917 /* FirebaseFileStorageDemo.app */ = {isa = PBXFileReference; explicitFileType = wrapper.application; includeInIndex = 0; path = FirebaseFileStorageDemo.app; sourceTree = BUILT_PRODUCTS_DIR; };
		07CDFCE821FBF16600DD9917 /* AppDelegate.swift */ = {isa = PBXFileReference; lastKnownFileType = sourcecode.swift; path = AppDelegate.swift; sourceTree = "<group>"; };
		07CDFCEA21FBF16600DD9917 /* ViewController.swift */ = {isa = PBXFileReference; lastKnownFileType = sourcecode.swift; path = ViewController.swift; sourceTree = "<group>"; };
		07CDFCED21FBF16600DD9917 /* Base */ = {isa = PBXFileReference; lastKnownFileType = file.storyboard; name = Base; path = Base.lproj/Main.storyboard; sourceTree = "<group>"; };
		07CDFCEF21FBF16700DD9917 /* Assets.xcassets */ = {isa = PBXFileReference; lastKnownFileType = folder.assetcatalog; path = Assets.xcassets; sourceTree = "<group>"; };
		07CDFCF221FBF16700DD9917 /* Base */ = {isa = PBXFileReference; lastKnownFileType = file.storyboard; name = Base; path = Base.lproj/LaunchScreen.storyboard; sourceTree = "<group>"; };
		07CDFCF421FBF16700DD9917 /* Info.plist */ = {isa = PBXFileReference; lastKnownFileType = text.plist.xml; path = Info.plist; sourceTree = "<group>"; };
		07CDFCFA21FBF2E400DD9917 /* GoogleService-Info.plist */ = {isa = PBXFileReference; fileEncoding = 4; lastKnownFileType = text.plist.xml; path = "GoogleService-Info.plist"; sourceTree = "<group>"; };
		12F44EB31F2A85CD9672ACF7 /* Pods_FirebaseFileStorageDemo.framework */ = {isa = PBXFileReference; explicitFileType = wrapper.framework; includeInIndex = 0; path = Pods_FirebaseFileStorageDemo.framework; sourceTree = BUILT_PRODUCTS_DIR; };
		505C1FA80FD76442FEEBFD9A /* Pods-FirebaseFileStorageDemo.release.xcconfig */ = {isa = PBXFileReference; includeInIndex = 1; lastKnownFileType = text.xcconfig; name = "Pods-FirebaseFileStorageDemo.release.xcconfig"; path = "Pods/Target Support Files/Pods-FirebaseFileStorageDemo/Pods-FirebaseFileStorageDemo.release.xcconfig"; sourceTree = "<group>"; };
		9C8E46BB0AE4A3D486DF6F39 /* Pods-FirebaseFileStorageDemo.debug.xcconfig */ = {isa = PBXFileReference; includeInIndex = 1; lastKnownFileType = text.xcconfig; name = "Pods-FirebaseFileStorageDemo.debug.xcconfig"; path = "Pods/Target Support Files/Pods-FirebaseFileStorageDemo/Pods-FirebaseFileStorageDemo.debug.xcconfig"; sourceTree = "<group>"; };
/* End PBXFileReference section */

/* Begin PBXFrameworksBuildPhase section */
		07CDFCE221FBF16600DD9917 /* Frameworks */ = {
			isa = PBXFrameworksBuildPhase;
			buildActionMask = 2147483647;
			files = (
				1C6BE1877FABDB99D17E57E3 /* Pods_FirebaseFileStorageDemo.framework in Frameworks */,
			);
			runOnlyForDeploymentPostprocessing = 0;
		};
/* End PBXFrameworksBuildPhase section */

/* Begin PBXGroup section */
		07CDFCDC21FBF16600DD9917 = {
			isa = PBXGroup;
			children = (
				07CDFCE721FBF16600DD9917 /* FirebaseFileStorageDemo */,
				07CDFCE621FBF16600DD9917 /* Products */,
				5CA02FE22C14ABECD67A0004 /* Pods */,
				D1BE8DB2F9FFBF1D88AC3EBF /* Frameworks */,
			);
			sourceTree = "<group>";
		};
		07CDFCE621FBF16600DD9917 /* Products */ = {
			isa = PBXGroup;
			children = (
				07CDFCE521FBF16600DD9917 /* FirebaseFileStorageDemo.app */,
			);
			name = Products;
			sourceTree = "<group>";
		};
		07CDFCE721FBF16600DD9917 /* FirebaseFileStorageDemo */ = {
			isa = PBXGroup;
			children = (
				07CDFCE821FBF16600DD9917 /* AppDelegate.swift */,
				07CDFCEA21FBF16600DD9917 /* ViewController.swift */,
				07CDFCEC21FBF16600DD9917 /* Main.storyboard */,
				07CDFCEF21FBF16700DD9917 /* Assets.xcassets */,
				07CDFCF121FBF16700DD9917 /* LaunchScreen.storyboard */,
				07CDFCFA21FBF2E400DD9917 /* GoogleService-Info.plist */,
				07CDFCF421FBF16700DD9917 /* Info.plist */,
			);
			path = FirebaseFileStorageDemo;
			sourceTree = "<group>";
		};
		5CA02FE22C14ABECD67A0004 /* Pods */ = {
			isa = PBXGroup;
			children = (
				9C8E46BB0AE4A3D486DF6F39 /* Pods-FirebaseFileStorageDemo.debug.xcconfig */,
				505C1FA80FD76442FEEBFD9A /* Pods-FirebaseFileStorageDemo.release.xcconfig */,
			);
			name = Pods;
			sourceTree = "<group>";
		};
		D1BE8DB2F9FFBF1D88AC3EBF /* Frameworks */ = {
			isa = PBXGroup;
			children = (
				12F44EB31F2A85CD9672ACF7 /* Pods_FirebaseFileStorageDemo.framework */,
			);
			name = Frameworks;
			sourceTree = "<group>";
		};
/* End PBXGroup section */

/* Begin PBXNativeTarget section */
		07CDFCE421FBF16600DD9917 /* FirebaseFileStorageDemo */ = {
			isa = PBXNativeTarget;
			buildConfigurationList = 07CDFCF721FBF16700DD9917 /* Build configuration list for PBXNativeTarget "FirebaseFileStorageDemo" */;
			buildPhases = (
				1389292DD6AF277948980E5D /* [CP] Check Pods Manifest.lock */,
				07CDFCE121FBF16600DD9917 /* Sources */,
				07CDFCE221FBF16600DD9917 /* Frameworks */,
				07CDFCE321FBF16600DD9917 /* Resources */,
				D2041B8EED046A727B18BD2F /* [CP] Embed Pods Frameworks */,
			);
			buildRules = (
			);
			dependencies = (
			);
			name = FirebaseFileStorageDemo;
			productName = FirebaseFileStorageDemo;
			productReference = 07CDFCE521FBF16600DD9917 /* FirebaseFileStorageDemo.app */;
			productType = "com.apple.product-type.application";
		};
/* End PBXNativeTarget section */

/* Begin PBXProject section */
		07CDFCDD21FBF16600DD9917 /* Project object */ = {
			isa = PBXProject;
			attributes = {
				LastSwiftUpdateCheck = 1010;
				LastUpgradeCheck = 1010;
				ORGANIZATIONNAME = "Chhaileng Peng";
				TargetAttributes = {
					07CDFCE421FBF16600DD9917 = {
						CreatedOnToolsVersion = 10.1;
					};
				};
			};
			buildConfigurationList = 07CDFCE021FBF16600DD9917 /* Build configuration list for PBXProject "FirebaseFileStorageDemo" */;
			compatibilityVersion = "Xcode 9.3";
			developmentRegion = en;
			hasScannedForEncodings = 0;
			knownRegions = (
				en,
				Base,
			);
			mainGroup = 07CDFCDC21FBF16600DD9917;
			productRefGroup = 07CDFCE621FBF16600DD9917 /* Products */;
			projectDirPath = "";
			projectRoot = "";
			targets = (
				07CDFCE421FBF16600DD9917 /* FirebaseFileStorageDemo */,
			);
		};
/* End PBXProject section */

/* Begin PBXResourcesBuildPhase section */
		07CDFCE321FBF16600DD9917 /* Resources */ = {
			isa = PBXResourcesBuildPhase;
			buildActionMask = 2147483647;
			files = (
				07CDFCF321FBF16700DD9917 /* LaunchScreen.storyboard in Resources */,
				07CDFCFB21FBF2E400DD9917 /* GoogleService-Info.plist in Resources */,
				07CDFCF021FBF16700DD9917 /* Assets.xcassets in Resources */,
				07CDFCEE21FBF16600DD9917 /* Main.storyboard in Resources */,
			);
			runOnlyForDeploymentPostprocessing = 0;
		};
/* End PBXResourcesBuildPhase section */

/* Begin PBXShellScriptBuildPhase section */
		1389292DD6AF277948980E5D /* [CP] Check Pods Manifest.lock */ = {
			isa = PBXShellScriptBuildPhase;
			buildActionMask = 2147483647;
			files = (
			);
			inputPaths = (
				"${PODS_PODFILE_DIR_PATH}/Podfile.lock",
				"${PODS_ROOT}/Manifest.lock",
			);
			name = "[CP] Check Pods Manifest.lock";
			outputPaths = (
				"$(DERIVED_FILE_DIR)/Pods-FirebaseFileStorageDemo-checkManifestLockResult.txt",
			);
			runOnlyForDeploymentPostprocessing = 0;
			shellPath = /bin/sh;
			shellScript = "diff \"${PODS_PODFILE_DIR_PATH}/Podfile.lock\" \"${PODS_ROOT}/Manifest.lock\" > /dev/null\nif [ $? != 0 ] ; then\n    # print error to STDERR\n    echo \"error: The sandbox is not in sync with the Podfile.lock. Run 'pod install' or update your CocoaPods installation.\" >&2\n    exit 1\nfi\n# This output is used by Xcode 'outputs' to avoid re-running this script phase.\necho \"SUCCESS\" > \"${SCRIPT_OUTPUT_FILE_0}\"\n";
			showEnvVarsInLog = 0;
		};
		D2041B8EED046A727B18BD2F /* [CP] Embed Pods Frameworks */ = {
			isa = PBXShellScriptBuildPhase;
			buildActionMask = 2147483647;
			files = (
			);
			inputPaths = (
				"${SRCROOT}/Pods/Target Support Files/Pods-FirebaseFileStorageDemo/Pods-FirebaseFileStorageDemo-frameworks.sh",
				"${BUILT_PRODUCTS_DIR}/GTMSessionFetcher/GTMSessionFetcher.framework",
				"${BUILT_PRODUCTS_DIR}/GoogleUtilities/GoogleUtilities.framework",
				"${BUILT_PRODUCTS_DIR}/nanopb/nanopb.framework",
			);
			name = "[CP] Embed Pods Frameworks";
			outputPaths = (
				"${TARGET_BUILD_DIR}/${FRAMEWORKS_FOLDER_PATH}/GTMSessionFetcher.framework",
				"${TARGET_BUILD_DIR}/${FRAMEWORKS_FOLDER_PATH}/GoogleUtilities.framework",
				"${TARGET_BUILD_DIR}/${FRAMEWORKS_FOLDER_PATH}/nanopb.framework",
			);
			runOnlyForDeploymentPostprocessing = 0;
			shellPath = /bin/sh;
			shellScript = "\"${SRCROOT}/Pods/Target Support Files/Pods-FirebaseFileStorageDemo/Pods-FirebaseFileStorageDemo-frameworks.sh\"\n";
			showEnvVarsInLog = 0;
		};
/* End PBXShellScriptBuildPhase section */

/* Begin PBXSourcesBuildPhase section */
		07CDFCE121FBF16600DD9917 /* Sources */ = {
			isa = PBXSourcesBuildPhase;
			buildActionMask = 2147483647;
			files = (
				07CDFCEB21FBF16600DD9917 /* ViewController.swift in Sources */,
				07CDFCE921FBF16600DD9917 /* AppDelegate.swift in Sources */,
			);
			runOnlyForDeploymentPostprocessing = 0;
		};
/* End PBXSourcesBuildPhase section */

/* Begin PBXVariantGroup section */
		07CDFCEC21FBF16600DD9917 /* Main.storyboard */ = {
			isa = PBXVariantGroup;
			children = (
				07CDFCED21FBF16600DD9917 /* Base */,
			);
			name = Main.storyboard;
			sourceTree = "<group>";
		};
		07CDFCF121FBF16700DD9917 /* LaunchScreen.storyboard */ = {
			isa = PBXVariantGroup;
			children = (
				07CDFCF221FBF16700DD9917 /* Base */,
			);
			name = LaunchScreen.storyboard;
			sourceTree = "<group>";
		};
/* End PBXVariantGroup section */

/* Begin XCBuildConfiguration section */
		07CDFCF521FBF16700DD9917 /* Debug */ = {
			isa = XCBuildConfiguration;
			buildSettings = {
				ALWAYS_SEARCH_USER_PATHS = NO;
				CLANG_ANALYZER_NONNULL = YES;
				CLANG_ANALYZER_NUMBER_OBJECT_CONVERSION = YES_AGGRESSIVE;
				CLANG_CXX_LANGUAGE_STANDARD = "gnu++14";
				CLANG_CXX_LIBRARY = "libc++";
				CLANG_ENABLE_MODULES = YES;
				CLANG_ENABLE_OBJC_ARC = YES;
				CLANG_ENABLE_OBJC_WEAK = YES;
				CLANG_WARN_BLOCK_CAPTURE_AUTORELEASING = YES;
				CLANG_WARN_BOOL_CONVERSION = YES;
				CLANG_WARN_COMMA = YES;
				CLANG_WARN_CONSTANT_CONVERSION = YES;
				CLANG_WARN_DEPRECATED_OBJC_IMPLEMENTATIONS = YES;
				CLANG_WARN_DIRECT_OBJC_ISA_USAGE = YES_ERROR;
				CLANG_WARN_DOCUMENTATION_COMMENTS = YES;
				CLANG_WARN_EMPTY_BODY = YES;
				CLANG_WARN_ENUM_CONVERSION = YES;
				CLANG_WARN_INFINITE_RECURSION = YES;
				CLANG_WARN_INT_CONVERSION = YES;
				CLANG_WARN_NON_LITERAL_NULL_CONVERSION = YES;
				CLANG_WARN_OBJC_IMPLICIT_RETAIN_SELF = YES;
				CLANG_WARN_OBJC_LITERAL_CONVERSION = YES;
				CLANG_WARN_OBJC_ROOT_CLASS = YES_ERROR;
				CLANG_WARN_RANGE_LOOP_ANALYSIS = YES;
				CLANG_WARN_STRICT_PROTOTYPES = YES;
				CLANG_WARN_SUSPICIOUS_MOVE = YES;
				CLANG_WARN_UNGUARDED_AVAILABILITY = YES_AGGRESSIVE;
				CLANG_WARN_UNREACHABLE_CODE = YES;
				CLANG_WARN__DUPLICATE_METHOD_MATCH = YES;
				CODE_SIGN_IDENTITY = "iPhone Developer";
				COPY_PHASE_STRIP = NO;
				DEBUG_INFORMATION_FORMAT = dwarf;
				ENABLE_STRICT_OBJC_MSGSEND = YES;
				ENABLE_TESTABILITY = YES;
				GCC_C_LANGUAGE_STANDARD = gnu11;
				GCC_DYNAMIC_NO_PIC = NO;
				GCC_NO_COMMON_BLOCKS = YES;
				GCC_OPTIMIZATION_LEVEL = 0;
				GCC_PREPROCESSOR_DEFINITIONS = (
					"DEBUG=1",
					"$(inherited)",
				);
				GCC_WARN_64_TO_32_BIT_CONVERSION = YES;
				GCC_WARN_ABOUT_RETURN_TYPE = YES_ERROR;
				GCC_WARN_UNDECLARED_SELECTOR = YES;
				GCC_WARN_UNINITIALIZED_AUTOS = YES_AGGRESSIVE;
				GCC_WARN_UNUSED_FUNCTION = YES;
				GCC_WARN_UNUSED_VARIABLE = YES;
				IPHONEOS_DEPLOYMENT_TARGET = 12.1;
				MTL_ENABLE_DEBUG_INFO = INCLUDE_SOURCE;
				MTL_FAST_MATH = YES;
				ONLY_ACTIVE_ARCH = YES;
				SDKROOT = iphoneos;
				SWIFT_ACTIVE_COMPILATION_CONDITIONS = DEBUG;
				SWIFT_OPTIMIZATION_LEVEL = "-Onone";
			};
			name = Debug;
		};
		07CDFCF621FBF16700DD9917 /* Release */ = {
			isa = XCBuildConfiguration;
			buildSettings = {
				ALWAYS_SEARCH_USER_PATHS = NO;
				CLANG_ANALYZER_NONNULL = YES;
				CLANG_ANALYZER_NUMBER_OBJECT_CONVERSION = YES_AGGRESSIVE;
				CLANG_CXX_LANGUAGE_STANDARD = "gnu++14";
				CLANG_CXX_LIBRARY = "libc++";
				CLANG_ENABLE_MODULES = YES;
				CLANG_ENABLE_OBJC_ARC = YES;
				CLANG_ENABLE_OBJC_WEAK = YES;
				CLANG_WARN_BLOCK_CAPTURE_AUTORELEASING = YES;
				CLANG_WARN_BOOL_CONVERSION = YES;
				CLANG_WARN_COMMA = YES;
				CLANG_WARN_CONSTANT_CONVERSION = YES;
				CLANG_WARN_DEPRECATED_OBJC_IMPLEMENTATIONS = YES;
				CLANG_WARN_DIRECT_OBJC_ISA_USAGE = YES_ERROR;
				CLANG_WARN_DOCUMENTATION_COMMENTS = YES;
				CLANG_WARN_EMPTY_BODY = YES;
				CLANG_WARN_ENUM_CONVERSION = YES;
				CLANG_WARN_INFINITE_RECURSION = YES;
				CLANG_WARN_INT_CONVERSION = YES;
				CLANG_WARN_NON_LITERAL_NULL_CONVERSION = YES;
				CLANG_WARN_OBJC_IMPLICIT_RETAIN_SELF = YES;
				CLANG_WARN_OBJC_LITERAL_CONVERSION = YES;
				CLANG_WARN_OBJC_ROOT_CLASS = YES_ERROR;
				CLANG_WARN_RANGE_LOOP_ANALYSIS = YES;
				CLANG_WARN_STRICT_PROTOTYPES = YES;
				CLANG_WARN_SUSPICIOUS_MOVE = YES;
				CLANG_WARN_UNGUARDED_AVAILABILITY = YES_AGGRESSIVE;
				CLANG_WARN_UNREACHABLE_CODE = YES;
				CLANG_WARN__DUPLICATE_METHOD_MATCH = YES;
				CODE_SIGN_IDENTITY = "iPhone Developer";
				COPY_PHASE_STRIP = NO;
				DEBUG_INFORMATION_FORMAT = "dwarf-with-dsym";
				ENABLE_NS_ASSERTIONS = NO;
				ENABLE_STRICT_OBJC_MSGSEND = YES;
				GCC_C_LANGUAGE_STANDARD = gnu11;
				GCC_NO_COMMON_BLOCKS = YES;
				GCC_WARN_64_TO_32_BIT_CONVERSION = YES;
				GCC_WARN_ABOUT_RETURN_TYPE = YES_ERROR;
				GCC_WARN_UNDECLARED_SELECTOR = YES;
				GCC_WARN_UNINITIALIZED_AUTOS = YES_AGGRESSIVE;
				GCC_WARN_UNUSED_FUNCTION = YES;
				GCC_WARN_UNUSED_VARIABLE = YES;
				IPHONEOS_DEPLOYMENT_TARGET = 12.1;
				MTL_ENABLE_DEBUG_INFO = NO;
				MTL_FAST_MATH = YES;
				SDKROOT = iphoneos;
				SWIFT_COMPILATION_MODE = wholemodule;
				SWIFT_OPTIMIZATION_LEVEL = "-O";
				VALIDATE_PRODUCT = YES;
			};
			name = Release;
		};
		07CDFCF821FBF16700DD9917 /* Debug */ = {
			isa = XCBuildConfiguration;
			baseConfigurationReference = 9C8E46BB0AE4A3D486DF6F39 /* Pods-FirebaseFileStorageDemo.debug.xcconfig */;
			buildSettings = {
				ASSETCATALOG_COMPILER_APPICON_NAME = AppIcon;
				CODE_SIGN_STYLE = Automatic;
				DEVELOPMENT_TEAM = U7EHSN2Z7Y;
				INFOPLIST_FILE = FirebaseFileStorageDemo/Info.plist;
				LD_RUNPATH_SEARCH_PATHS = (
					"$(inherited)",
					"@executable_path/Frameworks",
				);
				PRODUCT_BUNDLE_IDENTIFIER = com.chhaileng.FirebaseFileStorageDemo;
				PRODUCT_NAME = "$(TARGET_NAME)";
				SWIFT_VERSION = 4.2;
				TARGETED_DEVICE_FAMILY = "1,2";
			};
			name = Debug;
		};
		07CDFCF921FBF16700DD9917 /* Release */ = {
			isa = XCBuildConfiguration;
			baseConfigurationReference = 505C1FA80FD76442FEEBFD9A /* Pods-FirebaseFileStorageDemo.release.xcconfig */;
			buildSettings = {
				ASSETCATALOG_COMPILER_APPICON_NAME = AppIcon;
				CODE_SIGN_STYLE = Automatic;
				DEVELOPMENT_TEAM = U7EHSN2Z7Y;
				INFOPLIST_FILE = FirebaseFileStorageDemo/Info.plist;
				LD_RUNPATH_SEARCH_PATHS = (
					"$(inherited)",
					"@executable_path/Frameworks",
				);
				PRODUCT_BUNDLE_IDENTIFIER = com.chhaileng.FirebaseFileStorageDemo;
				PRODUCT_NAME = "$(TARGET_NAME)";
				SWIFT_VERSION = 4.2;
				TARGETED_DEVICE_FAMILY = "1,2";
			};
			name = Release;
		};
/* End XCBuildConfiguration section */

/* Begin XCConfigurationList section */
		07CDFCE021FBF16600DD9917 /* Build configuration list for PBXProject "FirebaseFileStorageDemo" */ = {
			isa = XCConfigurationList;
			buildConfigurations = (
				07CDFCF521FBF16700DD9917 /* Debug */,
				07CDFCF621FBF16700DD9917 /* Release */,
			);
			defaultConfigurationIsVisible = 0;
			defaultConfigurationName = Release;
		};
		07CDFCF721FBF16700DD9917 /* Build configuration list for PBXNativeTarget "FirebaseFileStorageDemo" */ = {
			isa = XCConfigurationList;
			buildConfigurations = (
				07CDFCF821FBF16700DD9917 /* Debug */,
				07CDFCF921FBF16700DD9917 /* Release */,
			);
			defaultConfigurationIsVisible = 0;
			defaultConfigurationName = Release;
		};
/* End XCConfigurationList section */
	};
	rootObject = 07CDFCDD21FBF16600DD9917 /* Project object */;
}
